
Microsoft Visual Studio Solution File, Format Version 12.00
# Visual Studio Version 16
VisualStudioVersion = 16.0.31727.386
MinimumVisualStudioVersion = 10.0.40219.1
Project("{FAE04EC0-301F-11D3-BF4B-00C04F79EFBC}") = "Zadanie_7_1", "Zadanie_7_1.csproj", "{3001AB77-803F-481E-BB0C-B2CF471CE0C7}"
EndProject
Project("{FAE04EC0-301F-11D3-BF4B-00C04F79EFBC}") = "Zadanie_7_2", "..\Zadanie_7_2\Zadanie_7_2.csproj", "{894FEFCE-50EC-4D34-9D4F-0704F22C80EC}"
EndProject
Global
	GlobalSection(SolutionConfigurationPlatforms) = preSolution
		Debug|Any CPU = Debug|Any CPU
		Release|Any CPU = Release|Any CPU
	EndGlobalSection
	GlobalSection(ProjectConfigurationPlatforms) = postSolution
		{3001AB77-803F-481E-BB0C-B2CF471CE0C7}.Debug|Any CPU.ActiveCfg = Debug|Any CPU
		{3001AB77-803F-481E-BB0C-B2CF471CE0C7}.Debug|Any CPU.Build.0 = Debug|Any CPU
		{3001AB77-803F-481E-BB0C-B2CF471CE0C7}.Release|Any CPU.ActiveCfg = Release|Any CPU
		{3001AB77-803F-481E-BB0C-B2CF471CE0C7}.Release|Any CPU.Build.0 = Release|Any CPU
		{894FEFCE-50EC-4D34-9D4F-0704F22C80EC}.Debug|Any CPU.ActiveCfg = Debug|Any CPU
		{894FEFCE-50EC-4D34-9D4F-0704F22C80EC}.Debug|Any CPU.Build.0 = Debug|Any CPU
		{894FEFCE-50EC-4D34-9D4F-0704F22C80EC}.Release|Any CPU.ActiveCfg = Release|Any CPU
		{894FEFCE-50EC-4D34-9D4F-0704F22C80EC}.Release|Any CPU.Build.0 = Release|Any CPU
	EndGlobalSection
	GlobalSection(SolutionProperties) = preSolution
		HideSolutionNode = FALSE
	EndGlobalSection
	GlobalSection(ExtensibilityGlobals) = postSolution
		SolutionGuid = {5CB6135A-0EE8-4DB9-8E16-2FF261687751}
	EndGlobalSection
EndGlobal
